
Microsoft Visual Studio Solution File, Format Version 12.00
# Visual Studio 15
VisualStudioVersion = 15.0.27130.2027
MinimumVisualStudioVersion = 10.0.40219.1
Project("{FAE04EC0-301F-11D3-BF4B-00C04F79EFBC}") = "DeckOfCards", "DeckOfCards\DeckOfCards.csproj", "{A6C20EB8-0038-4670-BC99-3A5BAA529B99}"
EndProject
Global
	GlobalSection(SolutionConfigurationPlatforms) = preSolution
		Debug|Any CPU = Debug|Any CPU
		Release|Any CPU = Release|Any CPU
	EndGlobalSection
	GlobalSection(ProjectConfigurationPlatforms) = postSolution
		{A6C20EB8-0038-4670-BC99-3A5BAA529B99}.Debug|Any CPU.ActiveCfg = Debug|Any CPU
		{A6C20EB8-0038-4670-BC99-3A5BAA529B99}.Debug|Any CPU.Build.0 = Debug|Any CPU
		{A6C20EB8-0038-4670-BC99-3A5BAA529B99}.Release|Any CPU.ActiveCfg = Release|Any CPU
		{A6C20EB8-0038-4670-BC99-3A5BAA529B99}.Release|Any CPU.Build.0 = Release|Any CPU
	EndGlobalSection
	GlobalSection(SolutionProperties) = preSolution
		HideSolutionNode = FALSE
	EndGlobalSection
	GlobalSection(ExtensibilityGlobals) = postSolution
		SolutionGuid = {0BC1E0D8-24C1-4250-89F4-C4548D90157E}
	EndGlobalSection
EndGlobal
